
Microsoft Visual Studio Solution File, Format Version 12.00
# Visual Studio 15
VisualStudioVersion = 15.0.27703.2042
MinimumVisualStudioVersion = 10.0.40219.1
Project("{FAE04EC0-301F-11D3-BF4B-00C04F79EFBC}") = "Lingyan_LI_Lab1", "Lingyan_LI_Lab1\Lingyan_LI_Lab1.csproj", "{5F2B196D-A4A2-427D-8999-5EA809C5A91A}"
EndProject
Global
	GlobalSection(SolutionConfigurationPlatforms) = preSolution
		Debug|Any CPU = Debug|Any CPU
		Release|Any CPU = Release|Any CPU
	EndGlobalSection
	GlobalSection(ProjectConfigurationPlatforms) = postSolution
		{5F2B196D-A4A2-427D-8999-5EA809C5A91A}.Debug|Any CPU.ActiveCfg = Debug|Any CPU
		{5F2B196D-A4A2-427D-8999-5EA809C5A91A}.Debug|Any CPU.Build.0 = Debug|Any CPU
		{5F2B196D-A4A2-427D-8999-5EA809C5A91A}.Release|Any CPU.ActiveCfg = Release|Any CPU
		{5F2B196D-A4A2-427D-8999-5EA809C5A91A}.Release|Any CPU.Build.0 = Release|Any CPU
	EndGlobalSection
	GlobalSection(SolutionProperties) = preSolution
		HideSolutionNode = FALSE
	EndGlobalSection
	GlobalSection(ExtensibilityGlobals) = postSolution
		SolutionGuid = {2AD73CE5-45B2-4797-AEF8-5CA608405F72}
	EndGlobalSection
EndGlobal
